
Microsoft Visual Studio Solution File, Format Version 12.00
# Visual Studio Version 17
VisualStudioVersion = 17.5.33516.290
MinimumVisualStudioVersion = 10.0.40219.1
Project("{9A19103F-16F7-4668-BE54-9A1E7A4F7556}") = "Terrabit", "Terrabit\Terrabit.csproj", "{EBE4E3D4-9197-4A14-B3FC-40709B002591}"
EndProject
Global
	GlobalSection(SolutionConfigurationPlatforms) = preSolution
		Debug|Any CPU = Debug|Any CPU
		Release|Any CPU = Release|Any CPU
	EndGlobalSection
	GlobalSection(ProjectConfigurationPlatforms) = postSolution
		{EBE4E3D4-9197-4A14-B3FC-40709B002591}.Debug|Any CPU.ActiveCfg = Debug|Any CPU
		{EBE4E3D4-9197-4A14-B3FC-40709B002591}.Debug|Any CPU.Build.0 = Debug|Any CPU
		{EBE4E3D4-9197-4A14-B3FC-40709B002591}.Release|Any CPU.ActiveCfg = Release|Any CPU
		{EBE4E3D4-9197-4A14-B3FC-40709B002591}.Release|Any CPU.Build.0 = Release|Any CPU
	EndGlobalSection
	GlobalSection(SolutionProperties) = preSolution
		HideSolutionNode = FALSE
	EndGlobalSection
	GlobalSection(ExtensibilityGlobals) = postSolution
		SolutionGuid = {4BDF237A-2DEA-4D43-BCE5-6C85B159A1C5}
	EndGlobalSection
EndGlobal
